
Microsoft Visual Studio Solution File, Format Version 12.00
# Visual Studio Version 17
VisualStudioVersion = 17.11.35312.102
MinimumVisualStudioVersion = 10.0.40219.1
Project("{9A19103F-16F7-4668-BE54-9A1E7A4F7556}") = "12.Week_Code_First_1", "12.Week_Code_First_1\12.Week_Code_First_1.csproj", "{41940DC1-3D3E-429C-A275-3CB8B2597148}"
EndProject
Project("{9A19103F-16F7-4668-BE54-9A1E7A4F7556}") = "12.Week_Code_First_Relation", "12.Week_Code_First_Relation\12.Week_Code_First_Relation.csproj", "{DF0650B4-D983-4853-9CF2-CD2A8A6FDA60}"
EndProject
Project("{9A19103F-16F7-4668-BE54-9A1E7A4F7556}") = "Survivor", "Survivor\Survivor.csproj", "{1982BCD2-E0EB-4818-B7B5-50DBFCBC911E}"
EndProject
Project("{FAE04EC0-301F-11D3-BF4B-00C04F79EFBC}") = "13.Week_Dependency_Injection_Example", "13.Week_Dependency_Injection_Example\13.Week_Dependency_Injection_Example.csproj", "{19D51CBE-C1BA-4650-89E7-B017163AF595}"
EndProject
Global
	GlobalSection(SolutionConfigurationPlatforms) = preSolution
		Debug|Any CPU = Debug|Any CPU
		Release|Any CPU = Release|Any CPU
	EndGlobalSection
	GlobalSection(ProjectConfigurationPlatforms) = postSolution
		{41940DC1-3D3E-429C-A275-3CB8B2597148}.Debug|Any CPU.ActiveCfg = Debug|Any CPU
		{41940DC1-3D3E-429C-A275-3CB8B2597148}.Debug|Any CPU.Build.0 = Debug|Any CPU
		{41940DC1-3D3E-429C-A275-3CB8B2597148}.Release|Any CPU.ActiveCfg = Release|Any CPU
		{41940DC1-3D3E-429C-A275-3CB8B2597148}.Release|Any CPU.Build.0 = Release|Any CPU
		{DF0650B4-D983-4853-9CF2-CD2A8A6FDA60}.Debug|Any CPU.ActiveCfg = Debug|Any CPU
		{DF0650B4-D983-4853-9CF2-CD2A8A6FDA60}.Debug|Any CPU.Build.0 = Debug|Any CPU
		{DF0650B4-D983-4853-9CF2-CD2A8A6FDA60}.Release|Any CPU.ActiveCfg = Release|Any CPU
		{DF0650B4-D983-4853-9CF2-CD2A8A6FDA60}.Release|Any CPU.Build.0 = Release|Any CPU
		{1982BCD2-E0EB-4818-B7B5-50DBFCBC911E}.Debug|Any CPU.ActiveCfg = Debug|Any CPU
		{1982BCD2-E0EB-4818-B7B5-50DBFCBC911E}.Debug|Any CPU.Build.0 = Debug|Any CPU
		{1982BCD2-E0EB-4818-B7B5-50DBFCBC911E}.Release|Any CPU.ActiveCfg = Release|Any CPU
		{1982BCD2-E0EB-4818-B7B5-50DBFCBC911E}.Release|Any CPU.Build.0 = Release|Any CPU
		{19D51CBE-C1BA-4650-89E7-B017163AF595}.Debug|Any CPU.ActiveCfg = Debug|Any CPU
		{19D51CBE-C1BA-4650-89E7-B017163AF595}.Debug|Any CPU.Build.0 = Debug|Any CPU
		{19D51CBE-C1BA-4650-89E7-B017163AF595}.Release|Any CPU.ActiveCfg = Release|Any CPU
		{19D51CBE-C1BA-4650-89E7-B017163AF595}.Release|Any CPU.Build.0 = Release|Any CPU
	EndGlobalSection
	GlobalSection(SolutionProperties) = preSolution
		HideSolutionNode = FALSE
	EndGlobalSection
	GlobalSection(ExtensibilityGlobals) = postSolution
		SolutionGuid = {469C1BED-E1DA-4075-A683-6089419393AE}
	EndGlobalSection
EndGlobal
